// !$*UTF8*$!
{
	archiveVersion = 1;
	classes = {
	};
	objectVersion = 51;
	objects = {

/* Begin PBXBuildFile section */
		104A6F7353361B22F4C36571 /* Pods_Nasa.framework in Frameworks */ = {isa = PBXBuildFile; fileRef = 575127D0B55ED7197A777DD2 /* Pods_Nasa.framework */; };
		835883F170457C1AB2E82303 /* Pods_NasaTests.framework in Frameworks */ = {isa = PBXBuildFile; fileRef = E5B4BB40B1A2A4BF458FA9EA /* Pods_NasaTests.framework */; };
		DC0B58C6248EC1C9009A07EA /* AppDelegate.swift in Sources */ = {isa = PBXBuildFile; fileRef = DC0B58C5248EC1C9009A07EA /* AppDelegate.swift */; };
		DC0B58C8248EC1C9009A07EA /* SceneDelegate.swift in Sources */ = {isa = PBXBuildFile; fileRef = DC0B58C7248EC1C9009A07EA /* SceneDelegate.swift */; };
		DC0B58D0248EC1C9009A07EA /* Nasa.xcdatamodeld in Sources */ = {isa = PBXBuildFile; fileRef = DC0B58CE248EC1C9009A07EA /* Nasa.xcdatamodeld */; };
		DC0B58D2248EC1CA009A07EA /* Assets.xcassets in Resources */ = {isa = PBXBuildFile; fileRef = DC0B58D1248EC1CA009A07EA /* Assets.xcassets */; };
		DC0B58D5248EC1CA009A07EA /* LaunchScreen.storyboard in Resources */ = {isa = PBXBuildFile; fileRef = DC0B58D3248EC1CA009A07EA /* LaunchScreen.storyboard */; };
		DC0B58E0248EC1CA009A07EA /* NasaTests.swift in Sources */ = {isa = PBXBuildFile; fileRef = DC0B58DF248EC1CA009A07EA /* NasaTests.swift */; };
		DC0B58EB248EC1CA009A07EA /* NasaUITests.swift in Sources */ = {isa = PBXBuildFile; fileRef = DC0B58EA248EC1CA009A07EA /* NasaUITests.swift */; };
		DC731624249BF2AE0096D81E /* ImageDownloader.swift in Sources */ = {isa = PBXBuildFile; fileRef = DC731623249BF2AE0096D81E /* ImageDownloader.swift */; };
		DCBCFE54249EA6B50035F37D /* NasaDataSource.swift in Sources */ = {isa = PBXBuildFile; fileRef = DCBCFE53249EA6B50035F37D /* NasaDataSource.swift */; };
		DCBCFE56249ED3DF0035F37D /* ConfigurationsAPi.swift in Sources */ = {isa = PBXBuildFile; fileRef = DCBCFE55249ED3DF0035F37D /* ConfigurationsAPi.swift */; };
		DCC558C32497F87F007E75E0 /* Nasa.swift in Sources */ = {isa = PBXBuildFile; fileRef = DCC558C22497F87F007E75E0 /* Nasa.swift */; };
		DCCA99DC249697F500BC9435 /* nasa_api.json in Resources */ = {isa = PBXBuildFile; fileRef = DCCA99DB249697F500BC9435 /* nasa_api.json */; };
		DCCA99E72496A1B500BC9435 /* FlexibleHeaderContainerViewController.swift in Sources */ = {isa = PBXBuildFile; fileRef = DCCA99E62496A1B500BC9435 /* FlexibleHeaderContainerViewController.swift */; };
		DCCA99E92496A89100BC9435 /* CollectionViewController.swift in Sources */ = {isa = PBXBuildFile; fileRef = DCCA99E82496A89100BC9435 /* CollectionViewController.swift */; };
		DCCA99F02496D7DE00BC9435 /* CollectionViewCell.swift in Sources */ = {isa = PBXBuildFile; fileRef = DCCA99EF2496D7DE00BC9435 /* CollectionViewCell.swift */; };
		DCCCD16B249A9FA2009DE415 /* InkRipple.swift in Sources */ = {isa = PBXBuildFile; fileRef = DCCCD16A249A9FA2009DE415 /* InkRipple.swift */; };
		DCCCD16D249AC3CD009DE415 /* HeaderContentView.swift in Sources */ = {isa = PBXBuildFile; fileRef = DCCCD16C249AC3CD009DE415 /* HeaderContentView.swift */; };
		DCCCD16F249AC4D2009DE415 /* HeaderPage.swift in Sources */ = {isa = PBXBuildFile; fileRef = DCCCD16E249AC4D2009DE415 /* HeaderPage.swift */; };
		DCCCD171249ACAC7009DE415 /* AbrilFatface-Regular.ttf in Resources */ = {isa = PBXBuildFile; fileRef = DCCCD170249ACAC7009DE415 /* AbrilFatface-Regular.ttf */; };
		DCF143572499568D00934EEC /* Items.swift in Sources */ = {isa = PBXBuildFile; fileRef = DCF143562499568D00934EEC /* Items.swift */; };
		E50A07FEAE9D8CEE39083915 /* Pods_Nasa_NasaUITests.framework in Frameworks */ = {isa = PBXBuildFile; fileRef = 7B5B5A0413145A26E07F64BF /* Pods_Nasa_NasaUITests.framework */; };
/* End PBXBuildFile section */

/* Begin PBXContainerItemProxy section */
		DC0B58DC248EC1CA009A07EA /* PBXContainerItemProxy */ = {
			isa = PBXContainerItemProxy;
			containerPortal = DC0B58BA248EC1C9009A07EA /* Project object */;
			proxyType = 1;
			remoteGlobalIDString = DC0B58C1248EC1C9009A07EA;
			remoteInfo = Nasa;
		};
		DC0B58E7248EC1CA009A07EA /* PBXContainerItemProxy */ = {
			isa = PBXContainerItemProxy;
			containerPortal = DC0B58BA248EC1C9009A07EA /* Project object */;
			proxyType = 1;
			remoteGlobalIDString = DC0B58C1248EC1C9009A07EA;
			remoteInfo = Nasa;
		};
/* End PBXContainerItemProxy section */

/* Begin PBXFileReference section */
		239422F1226F0511053CCD03 /* Pods-Nasa.debug.xcconfig */ = {isa = PBXFileReference; includeInIndex = 1; lastKnownFileType = text.xcconfig; name = "Pods-Nasa.debug.xcconfig"; path = "Target Support Files/Pods-Nasa/Pods-Nasa.debug.xcconfig"; sourceTree = "<group>"; };
		575127D0B55ED7197A777DD2 /* Pods_Nasa.framework */ = {isa = PBXFileReference; explicitFileType = wrapper.framework; includeInIndex = 0; path = Pods_Nasa.framework; sourceTree = BUILT_PRODUCTS_DIR; };
		7B5B5A0413145A26E07F64BF /* Pods_Nasa_NasaUITests.framework */ = {isa = PBXFileReference; explicitFileType = wrapper.framework; includeInIndex = 0; path = Pods_Nasa_NasaUITests.framework; sourceTree = BUILT_PRODUCTS_DIR; };
		9962D20505D4447850AF42C5 /* Pods-NasaTests.release.xcconfig */ = {isa = PBXFileReference; includeInIndex = 1; lastKnownFileType = text.xcconfig; name = "Pods-NasaTests.release.xcconfig"; path = "Target Support Files/Pods-NasaTests/Pods-NasaTests.release.xcconfig"; sourceTree = "<group>"; };
		A79DA38AD6C1BF03348CA3C3 /* Pods-Nasa-NasaUITests.debug.xcconfig */ = {isa = PBXFileReference; includeInIndex = 1; lastKnownFileType = text.xcconfig; name = "Pods-Nasa-NasaUITests.debug.xcconfig"; path = "Target Support Files/Pods-Nasa-NasaUITests/Pods-Nasa-NasaUITests.debug.xcconfig"; sourceTree = "<group>"; };
		D4E128DD844504BB2F668D9D /* Pods-Nasa-NasaUITests.release.xcconfig */ = {isa = PBXFileReference; includeInIndex = 1; lastKnownFileType = text.xcconfig; name = "Pods-Nasa-NasaUITests.release.xcconfig"; path = "Target Support Files/Pods-Nasa-NasaUITests/Pods-Nasa-NasaUITests.release.xcconfig"; sourceTree = "<group>"; };
		DC0B58C2248EC1C9009A07EA /* Nasa.app */ = {isa = PBXFileReference; explicitFileType = wrapper.application; includeInIndex = 0; path = Nasa.app; sourceTree = BUILT_PRODUCTS_DIR; };
		DC0B58C5248EC1C9009A07EA /* AppDelegate.swift */ = {isa = PBXFileReference; lastKnownFileType = sourcecode.swift; path = AppDelegate.swift; sourceTree = "<group>"; };
		DC0B58C7248EC1C9009A07EA /* SceneDelegate.swift */ = {isa = PBXFileReference; lastKnownFileType = sourcecode.swift; path = SceneDelegate.swift; sourceTree = "<group>"; };
		DC0B58CF248EC1C9009A07EA /* Nasa.xcdatamodel */ = {isa = PBXFileReference; lastKnownFileType = wrapper.xcdatamodel; path = Nasa.xcdatamodel; sourceTree = "<group>"; };
		DC0B58D1248EC1CA009A07EA /* Assets.xcassets */ = {isa = PBXFileReference; lastKnownFileType = folder.assetcatalog; path = Assets.xcassets; sourceTree = "<group>"; };
		DC0B58D4248EC1CA009A07EA /* Base */ = {isa = PBXFileReference; lastKnownFileType = file.storyboard; name = Base; path = Base.lproj/LaunchScreen.storyboard; sourceTree = "<group>"; };
		DC0B58D6248EC1CA009A07EA /* Info.plist */ = {isa = PBXFileReference; lastKnownFileType = text.plist.xml; path = Info.plist; sourceTree = "<group>"; };
		DC0B58DB248EC1CA009A07EA /* NasaTests.xctest */ = {isa = PBXFileReference; explicitFileType = wrapper.cfbundle; includeInIndex = 0; path = NasaTests.xctest; sourceTree = BUILT_PRODUCTS_DIR; };
		DC0B58DF248EC1CA009A07EA /* NasaTests.swift */ = {isa = PBXFileReference; lastKnownFileType = sourcecode.swift; path = NasaTests.swift; sourceTree = "<group>"; };
		DC0B58E1248EC1CA009A07EA /* Info.plist */ = {isa = PBXFileReference; lastKnownFileType = text.plist.xml; path = Info.plist; sourceTree = "<group>"; };
		DC0B58E6248EC1CA009A07EA /* NasaUITests.xctest */ = {isa = PBXFileReference; explicitFileType = wrapper.cfbundle; includeInIndex = 0; path = NasaUITests.xctest; sourceTree = BUILT_PRODUCTS_DIR; };
		DC0B58EA248EC1CA009A07EA /* NasaUITests.swift */ = {isa = PBXFileReference; lastKnownFileType = sourcecode.swift; path = NasaUITests.swift; sourceTree = "<group>"; };
		DC0B58EC248EC1CA009A07EA /* Info.plist */ = {isa = PBXFileReference; lastKnownFileType = text.plist.xml; path = Info.plist; sourceTree = "<group>"; };
		DC731623249BF2AE0096D81E /* ImageDownloader.swift */ = {isa = PBXFileReference; lastKnownFileType = sourcecode.swift; path = ImageDownloader.swift; sourceTree = "<group>"; };
		DCBCFE53249EA6B50035F37D /* NasaDataSource.swift */ = {isa = PBXFileReference; lastKnownFileType = sourcecode.swift; path = NasaDataSource.swift; sourceTree = "<group>"; };
		DCBCFE55249ED3DF0035F37D /* ConfigurationsAPi.swift */ = {isa = PBXFileReference; lastKnownFileType = sourcecode.swift; path = ConfigurationsAPi.swift; sourceTree = "<group>"; };
		DCC558C22497F87F007E75E0 /* Nasa.swift */ = {isa = PBXFileReference; lastKnownFileType = sourcecode.swift; path = Nasa.swift; sourceTree = "<group>"; };
		DCCA99DB249697F500BC9435 /* nasa_api.json */ = {isa = PBXFileReference; fileEncoding = 4; lastKnownFileType = text.json; path = nasa_api.json; sourceTree = "<group>"; };
		DCCA99E62496A1B500BC9435 /* FlexibleHeaderContainerViewController.swift */ = {isa = PBXFileReference; lastKnownFileType = sourcecode.swift; path = FlexibleHeaderContainerViewController.swift; sourceTree = "<group>"; };
		DCCA99E82496A89100BC9435 /* CollectionViewController.swift */ = {isa = PBXFileReference; lastKnownFileType = sourcecode.swift; path = CollectionViewController.swift; sourceTree = "<group>"; };
		DCCA99EF2496D7DE00BC9435 /* CollectionViewCell.swift */ = {isa = PBXFileReference; lastKnownFileType = sourcecode.swift; path = CollectionViewCell.swift; sourceTree = "<group>"; };
		DCCCD16A249A9FA2009DE415 /* InkRipple.swift */ = {isa = PBXFileReference; lastKnownFileType = sourcecode.swift; path = InkRipple.swift; sourceTree = "<group>"; };
		DCCCD16C249AC3CD009DE415 /* HeaderContentView.swift */ = {isa = PBXFileReference; lastKnownFileType = sourcecode.swift; path = HeaderContentView.swift; sourceTree = "<group>"; };
		DCCCD16E249AC4D2009DE415 /* HeaderPage.swift */ = {isa = PBXFileReference; lastKnownFileType = sourcecode.swift; path = HeaderPage.swift; sourceTree = "<group>"; };
		DCCCD170249ACAC7009DE415 /* AbrilFatface-Regular.ttf */ = {isa = PBXFileReference; lastKnownFileType = file; path = "AbrilFatface-Regular.ttf"; sourceTree = "<group>"; };
		DCF143562499568D00934EEC /* Items.swift */ = {isa = PBXFileReference; lastKnownFileType = sourcecode.swift; path = Items.swift; sourceTree = "<group>"; };
		DFF41C347849E7A2F2C69231 /* Pods-Nasa.release.xcconfig */ = {isa = PBXFileReference; includeInIndex = 1; lastKnownFileType = text.xcconfig; name = "Pods-Nasa.release.xcconfig"; path = "Target Support Files/Pods-Nasa/Pods-Nasa.release.xcconfig"; sourceTree = "<group>"; };
		E249B631D563C81328A8CA12 /* Pods-NasaTests.debug.xcconfig */ = {isa = PBXFileReference; includeInIndex = 1; lastKnownFileType = text.xcconfig; name = "Pods-NasaTests.debug.xcconfig"; path = "Target Support Files/Pods-NasaTests/Pods-NasaTests.debug.xcconfig"; sourceTree = "<group>"; };
		E5B4BB40B1A2A4BF458FA9EA /* Pods_NasaTests.framework */ = {isa = PBXFileReference; explicitFileType = wrapper.framework; includeInIndex = 0; path = Pods_NasaTests.framework; sourceTree = BUILT_PRODUCTS_DIR; };
/* End PBXFileReference section */

/* Begin PBXFrameworksBuildPhase section */
		DC0B58BF248EC1C9009A07EA /* Frameworks */ = {
			isa = PBXFrameworksBuildPhase;
			buildActionMask = 2147483647;
			files = (
				104A6F7353361B22F4C36571 /* Pods_Nasa.framework in Frameworks */,
			);
			runOnlyForDeploymentPostprocessing = 0;
		};
		DC0B58D8248EC1CA009A07EA /* Frameworks */ = {
			isa = PBXFrameworksBuildPhase;
			buildActionMask = 2147483647;
			files = (
				835883F170457C1AB2E82303 /* Pods_NasaTests.framework in Frameworks */,
			);
			runOnlyForDeploymentPostprocessing = 0;
		};
		DC0B58E3248EC1CA009A07EA /* Frameworks */ = {
			isa = PBXFrameworksBuildPhase;
			buildActionMask = 2147483647;
			files = (
				E50A07FEAE9D8CEE39083915 /* Pods_Nasa_NasaUITests.framework in Frameworks */,
			);
			runOnlyForDeploymentPostprocessing = 0;
		};
/* End PBXFrameworksBuildPhase section */

/* Begin PBXGroup section */
		0872B2C5A65AF9AE9A83FEC3 /* Pods */ = {
			isa = PBXGroup;
			children = (
				239422F1226F0511053CCD03 /* Pods-Nasa.debug.xcconfig */,
				DFF41C347849E7A2F2C69231 /* Pods-Nasa.release.xcconfig */,
				A79DA38AD6C1BF03348CA3C3 /* Pods-Nasa-NasaUITests.debug.xcconfig */,
				D4E128DD844504BB2F668D9D /* Pods-Nasa-NasaUITests.release.xcconfig */,
				E249B631D563C81328A8CA12 /* Pods-NasaTests.debug.xcconfig */,
				9962D20505D4447850AF42C5 /* Pods-NasaTests.release.xcconfig */,
			);
			path = Pods;
			sourceTree = "<group>";
		};
		2534EF97BB28212A4B8D208E /* Frameworks */ = {
			isa = PBXGroup;
			children = (
				575127D0B55ED7197A777DD2 /* Pods_Nasa.framework */,
				7B5B5A0413145A26E07F64BF /* Pods_Nasa_NasaUITests.framework */,
				E5B4BB40B1A2A4BF458FA9EA /* Pods_NasaTests.framework */,
			);
			name = Frameworks;
			sourceTree = "<group>";
		};
		DC0B58B9248EC1C9009A07EA = {
			isa = PBXGroup;
			children = (
				DC0B58C4248EC1C9009A07EA /* Nasa */,
				DC0B58DE248EC1CA009A07EA /* NasaTests */,
				DC0B58E9248EC1CA009A07EA /* NasaUITests */,
				DC0B58C3248EC1C9009A07EA /* Products */,
				0872B2C5A65AF9AE9A83FEC3 /* Pods */,
				2534EF97BB28212A4B8D208E /* Frameworks */,
			);
			sourceTree = "<group>";
		};
		DC0B58C3248EC1C9009A07EA /* Products */ = {
			isa = PBXGroup;
			children = (
				DC0B58C2248EC1C9009A07EA /* Nasa.app */,
				DC0B58DB248EC1CA009A07EA /* NasaTests.xctest */,
				DC0B58E6248EC1CA009A07EA /* NasaUITests.xctest */,
			);
			name = Products;
			sourceTree = "<group>";
		};
		DC0B58C4248EC1C9009A07EA /* Nasa */ = {
			isa = PBXGroup;
			children = (
				DC0B58C5248EC1C9009A07EA /* AppDelegate.swift */,
				DC0B58C7248EC1C9009A07EA /* SceneDelegate.swift */,
				DCCA99E52496A17A00BC9435 /* Controllers */,
				DCC558C12497F81B007E75E0 /* Models */,
				DCCCD169249A9F77009DE415 /* Views */,
				DCCA99EA2496C8FB00BC9435 /* Services */,
				DCF1435824998B3700934EEC /* Utils */,
				DCCA99D8249696DD00BC9435 /* Resouces */,
				DC0B58D1248EC1CA009A07EA /* Assets.xcassets */,
				DC0B58D3248EC1CA009A07EA /* LaunchScreen.storyboard */,
				DC0B58D6248EC1CA009A07EA /* Info.plist */,
				DC0B58CE248EC1C9009A07EA /* Nasa.xcdatamodeld */,
			);
			path = Nasa;
			sourceTree = "<group>";
		};
		DC0B58DE248EC1CA009A07EA /* NasaTests */ = {
			isa = PBXGroup;
			children = (
				DC0B58DF248EC1CA009A07EA /* NasaTests.swift */,
				DC0B58E1248EC1CA009A07EA /* Info.plist */,
			);
			path = NasaTests;
			sourceTree = "<group>";
		};
		DC0B58E9248EC1CA009A07EA /* NasaUITests */ = {
			isa = PBXGroup;
			children = (
				DC0B58EA248EC1CA009A07EA /* NasaUITests.swift */,
				DC0B58EC248EC1CA009A07EA /* Info.plist */,
			);
			path = NasaUITests;
			sourceTree = "<group>";
		};
		DCC558C12497F81B007E75E0 /* Models */ = {
			isa = PBXGroup;
			children = (
				DCC558C22497F87F007E75E0 /* Nasa.swift */,
				DCF143562499568D00934EEC /* Items.swift */,
			);
			path = Models;
			sourceTree = "<group>";
		};
		DCCA99D8249696DD00BC9435 /* Resouces */ = {
			isa = PBXGroup;
			children = (
				DCCCD170249ACAC7009DE415 /* AbrilFatface-Regular.ttf */,
				DCCA99DB249697F500BC9435 /* nasa_api.json */,
			);
			path = Resouces;
			sourceTree = "<group>";
		};
		DCCA99E52496A17A00BC9435 /* Controllers */ = {
			isa = PBXGroup;
			children = (
				DCCA99E62496A1B500BC9435 /* FlexibleHeaderContainerViewController.swift */,
				DCCA99E82496A89100BC9435 /* CollectionViewController.swift */,
				DCCA99EF2496D7DE00BC9435 /* CollectionViewCell.swift */,
			);
			path = Controllers;
			sourceTree = "<group>";
		};
		DCCA99EA2496C8FB00BC9435 /* Services */ = {
			isa = PBXGroup;
			children = (
				DC731623249BF2AE0096D81E /* ImageDownloader.swift */,
				DCBCFE53249EA6B50035F37D /* NasaDataSource.swift */,
			);
			path = Services;
			sourceTree = "<group>";
		};
		DCCCD169249A9F77009DE415 /* Views */ = {
			isa = PBXGroup;
			children = (
				DCCCD16A249A9FA2009DE415 /* InkRipple.swift */,
				DCCCD16C249AC3CD009DE415 /* HeaderContentView.swift */,
				DCCCD16E249AC4D2009DE415 /* HeaderPage.swift */,
			);
			path = Views;
			sourceTree = "<group>";
		};
		DCF1435824998B3700934EEC /* Utils */ = {
			isa = PBXGroup;
			children = (
				DCBCFE55249ED3DF0035F37D /* ConfigurationsAPi.swift */,
			);
			path = Utils;
			sourceTree = "<group>";
		};
/* End PBXGroup section */

/* Begin PBXNativeTarget section */
		DC0B58C1248EC1C9009A07EA /* Nasa */ = {
			isa = PBXNativeTarget;
			buildConfigurationList = DC0B58EF248EC1CA009A07EA /* Build configuration list for PBXNativeTarget "Nasa" */;
			buildPhases = (
				586C7628F8918DFF802F81B5 /* [CP] Check Pods Manifest.lock */,
				DC0B58BE248EC1C9009A07EA /* Sources */,
				DC0B58BF248EC1C9009A07EA /* Frameworks */,
				DC0B58C0248EC1C9009A07EA /* Resources */,
				00DF75D979164A9075977CB7 /* [CP] Embed Pods Frameworks */,
			);
			buildRules = (
			);
			dependencies = (
			);
			name = Nasa;
			productName = Nasa;
			productReference = DC0B58C2248EC1C9009A07EA /* Nasa.app */;
			productType = "com.apple.product-type.application";
		};
		DC0B58DA248EC1CA009A07EA /* NasaTests */ = {
			isa = PBXNativeTarget;
			buildConfigurationList = DC0B58F2248EC1CA009A07EA /* Build configuration list for PBXNativeTarget "NasaTests" */;
			buildPhases = (
				B001924AD5FEA5C6C9796FA7 /* [CP] Check Pods Manifest.lock */,
				DC0B58D7248EC1CA009A07EA /* Sources */,
				DC0B58D8248EC1CA009A07EA /* Frameworks */,
				DC0B58D9248EC1CA009A07EA /* Resources */,
			);
			buildRules = (
			);
			dependencies = (
				DC0B58DD248EC1CA009A07EA /* PBXTargetDependency */,
			);
			name = NasaTests;
			productName = NasaTests;
			productReference = DC0B58DB248EC1CA009A07EA /* NasaTests.xctest */;
			productType = "com.apple.product-type.bundle.unit-test";
		};
		DC0B58E5248EC1CA009A07EA /* NasaUITests */ = {
			isa = PBXNativeTarget;
			buildConfigurationList = DC0B58F5248EC1CA009A07EA /* Build configuration list for PBXNativeTarget "NasaUITests" */;
			buildPhases = (
				FA38774BE0A9EE14E37AB966 /* [CP] Check Pods Manifest.lock */,
				DC0B58E2248EC1CA009A07EA /* Sources */,
				DC0B58E3248EC1CA009A07EA /* Frameworks */,
				DC0B58E4248EC1CA009A07EA /* Resources */,
				8C6FAEF50E10F7087F64A843 /* [CP] Embed Pods Frameworks */,
			);
			buildRules = (
			);
			dependencies = (
				DC0B58E8248EC1CA009A07EA /* PBXTargetDependency */,
			);
			name = NasaUITests;
			productName = NasaUITests;
			productReference = DC0B58E6248EC1CA009A07EA /* NasaUITests.xctest */;
			productType = "com.apple.product-type.bundle.ui-testing";
		};
/* End PBXNativeTarget section */

/* Begin PBXProject section */
		DC0B58BA248EC1C9009A07EA /* Project object */ = {
			isa = PBXProject;
			attributes = {
				LastSwiftUpdateCheck = 1150;
				LastUpgradeCheck = 1150;
				ORGANIZATIONNAME = "Jhon Ospino Bernal";
				TargetAttributes = {
					DC0B58C1248EC1C9009A07EA = {
						CreatedOnToolsVersion = 11.5;
					};
					DC0B58DA248EC1CA009A07EA = {
						CreatedOnToolsVersion = 11.5;
						TestTargetID = DC0B58C1248EC1C9009A07EA;
					};
					DC0B58E5248EC1CA009A07EA = {
						CreatedOnToolsVersion = 11.5;
						TestTargetID = DC0B58C1248EC1C9009A07EA;
					};
				};
			};
			buildConfigurationList = DC0B58BD248EC1C9009A07EA /* Build configuration list for PBXProject "Nasa" */;
			compatibilityVersion = "Xcode 9.3";
			developmentRegion = en;
			hasScannedForEncodings = 0;
			knownRegions = (
				en,
				Base,
			);
			mainGroup = DC0B58B9248EC1C9009A07EA;
			productRefGroup = DC0B58C3248EC1C9009A07EA /* Products */;
			projectDirPath = "";
			projectRoot = "";
			targets = (
				DC0B58C1248EC1C9009A07EA /* Nasa */,
				DC0B58DA248EC1CA009A07EA /* NasaTests */,
				DC0B58E5248EC1CA009A07EA /* NasaUITests */,
			);
		};
/* End PBXProject section */

/* Begin PBXResourcesBuildPhase section */
		DC0B58C0248EC1C9009A07EA /* Resources */ = {
			isa = PBXResourcesBuildPhase;
			buildActionMask = 2147483647;
			files = (
				DC0B58D5248EC1CA009A07EA /* LaunchScreen.storyboard in Resources */,
				DCCA99DC249697F500BC9435 /* nasa_api.json in Resources */,
				DC0B58D2248EC1CA009A07EA /* Assets.xcassets in Resources */,
				DCCCD171249ACAC7009DE415 /* AbrilFatface-Regular.ttf in Resources */,
			);
			runOnlyForDeploymentPostprocessing = 0;
		};
		DC0B58D9248EC1CA009A07EA /* Resources */ = {
			isa = PBXResourcesBuildPhase;
			buildActionMask = 2147483647;
			files = (
			);
			runOnlyForDeploymentPostprocessing = 0;
		};
		DC0B58E4248EC1CA009A07EA /* Resources */ = {
			isa = PBXResourcesBuildPhase;
			buildActionMask = 2147483647;
			files = (
			);
			runOnlyForDeploymentPostprocessing = 0;
		};
/* End PBXResourcesBuildPhase section */

/* Begin PBXShellScriptBuildPhase section */
		00DF75D979164A9075977CB7 /* [CP] Embed Pods Frameworks */ = {
			isa = PBXShellScriptBuildPhase;
			buildActionMask = 2147483647;
			files = (
			);
			inputFileListPaths = (
				"${PODS_ROOT}/Target Support Files/Pods-Nasa/Pods-Nasa-frameworks-${CONFIGURATION}-input-files.xcfilelist",
			);
			name = "[CP] Embed Pods Frameworks";
			outputFileListPaths = (
				"${PODS_ROOT}/Target Support Files/Pods-Nasa/Pods-Nasa-frameworks-${CONFIGURATION}-output-files.xcfilelist",
			);
			runOnlyForDeploymentPostprocessing = 0;
			shellPath = /bin/sh;
			shellScript = "\"${PODS_ROOT}/Target Support Files/Pods-Nasa/Pods-Nasa-frameworks.sh\"\n";
			showEnvVarsInLog = 0;
		};
		586C7628F8918DFF802F81B5 /* [CP] Check Pods Manifest.lock */ = {
			isa = PBXShellScriptBuildPhase;
			buildActionMask = 2147483647;
			files = (
			);
			inputFileListPaths = (
			);
			inputPaths = (
				"${PODS_PODFILE_DIR_PATH}/Podfile.lock",
				"${PODS_ROOT}/Manifest.lock",
			);
			name = "[CP] Check Pods Manifest.lock";
			outputFileListPaths = (
			);
			outputPaths = (
				"$(DERIVED_FILE_DIR)/Pods-Nasa-checkManifestLockResult.txt",
			);
			runOnlyForDeploymentPostprocessing = 0;
			shellPath = /bin/sh;
			shellScript = "diff \"${PODS_PODFILE_DIR_PATH}/Podfile.lock\" \"${PODS_ROOT}/Manifest.lock\" > /dev/null\nif [ $? != 0 ] ; then\n    # print error to STDERR\n    echo \"error: The sandbox is not in sync with the Podfile.lock. Run 'pod install' or update your CocoaPods installation.\" >&2\n    exit 1\nfi\n# This output is used by Xcode 'outputs' to avoid re-running this script phase.\necho \"SUCCESS\" > \"${SCRIPT_OUTPUT_FILE_0}\"\n";
			showEnvVarsInLog = 0;
		};
		8C6FAEF50E10F7087F64A843 /* [CP] Embed Pods Frameworks */ = {
			isa = PBXShellScriptBuildPhase;
			buildActionMask = 2147483647;
			files = (
			);
			inputFileListPaths = (
				"${PODS_ROOT}/Target Support Files/Pods-Nasa-NasaUITests/Pods-Nasa-NasaUITests-frameworks-${CONFIGURATION}-input-files.xcfilelist",
			);
			name = "[CP] Embed Pods Frameworks";
			outputFileListPaths = (
				"${PODS_ROOT}/Target Support Files/Pods-Nasa-NasaUITests/Pods-Nasa-NasaUITests-frameworks-${CONFIGURATION}-output-files.xcfilelist",
			);
			runOnlyForDeploymentPostprocessing = 0;
			shellPath = /bin/sh;
			shellScript = "\"${PODS_ROOT}/Target Support Files/Pods-Nasa-NasaUITests/Pods-Nasa-NasaUITests-frameworks.sh\"\n";
			showEnvVarsInLog = 0;
		};
		B001924AD5FEA5C6C9796FA7 /* [CP] Check Pods Manifest.lock */ = {
			isa = PBXShellScriptBuildPhase;
			buildActionMask = 2147483647;
			files = (
			);
			inputFileListPaths = (
			);
			inputPaths = (
				"${PODS_PODFILE_DIR_PATH}/Podfile.lock",
				"${PODS_ROOT}/Manifest.lock",
			);
			name = "[CP] Check Pods Manifest.lock";
			outputFileListPaths = (
			);
			outputPaths = (
				"$(DERIVED_FILE_DIR)/Pods-NasaTests-checkManifestLockResult.txt",
			);
			runOnlyForDeploymentPostprocessing = 0;
			shellPath = /bin/sh;
			shellScript = "diff \"${PODS_PODFILE_DIR_PATH}/Podfile.lock\" \"${PODS_ROOT}/Manifest.lock\" > /dev/null\nif [ $? != 0 ] ; then\n    # print error to STDERR\n    echo \"error: The sandbox is not in sync with the Podfile.lock. Run 'pod install' or update your CocoaPods installation.\" >&2\n    exit 1\nfi\n# This output is used by Xcode 'outputs' to avoid re-running this script phase.\necho \"SUCCESS\" > \"${SCRIPT_OUTPUT_FILE_0}\"\n";
			showEnvVarsInLog = 0;
		};
		FA38774BE0A9EE14E37AB966 /* [CP] Check Pods Manifest.lock */ = {
			isa = PBXShellScriptBuildPhase;
			buildActionMask = 2147483647;
			files = (
			);
			inputFileListPaths = (
			);
			inputPaths = (
				"${PODS_PODFILE_DIR_PATH}/Podfile.lock",
				"${PODS_ROOT}/Manifest.lock",
			);
			name = "[CP] Check Pods Manifest.lock";
			outputFileListPaths = (
			);
			outputPaths = (
				"$(DERIVED_FILE_DIR)/Pods-Nasa-NasaUITests-checkManifestLockResult.txt",
			);
			runOnlyForDeploymentPostprocessing = 0;
			shellPath = /bin/sh;
			shellScript = "diff \"${PODS_PODFILE_DIR_PATH}/Podfile.lock\" \"${PODS_ROOT}/Manifest.lock\" > /dev/null\nif [ $? != 0 ] ; then\n    # print error to STDERR\n    echo \"error: The sandbox is not in sync with the Podfile.lock. Run 'pod install' or update your CocoaPods installation.\" >&2\n    exit 1\nfi\n# This output is used by Xcode 'outputs' to avoid re-running this script phase.\necho \"SUCCESS\" > \"${SCRIPT_OUTPUT_FILE_0}\"\n";
			showEnvVarsInLog = 0;
		};
/* End PBXShellScriptBuildPhase section */

/* Begin PBXSourcesBuildPhase section */
		DC0B58BE248EC1C9009A07EA /* Sources */ = {
			isa = PBXSourcesBuildPhase;
			buildActionMask = 2147483647;
			files = (
				DCCA99E92496A89100BC9435 /* CollectionViewController.swift in Sources */,
				DC731624249BF2AE0096D81E /* ImageDownloader.swift in Sources */,
				DCCA99F02496D7DE00BC9435 /* CollectionViewCell.swift in Sources */,
				DCBCFE54249EA6B50035F37D /* NasaDataSource.swift in Sources */,
				DCCA99E72496A1B500BC9435 /* FlexibleHeaderContainerViewController.swift in Sources */,
				DCBCFE56249ED3DF0035F37D /* ConfigurationsAPi.swift in Sources */,
				DCCCD16F249AC4D2009DE415 /* HeaderPage.swift in Sources */,
				DC0B58D0248EC1C9009A07EA /* Nasa.xcdatamodeld in Sources */,
				DCCCD16D249AC3CD009DE415 /* HeaderContentView.swift in Sources */,
				DCCCD16B249A9FA2009DE415 /* InkRipple.swift in Sources */,
				DCF143572499568D00934EEC /* Items.swift in Sources */,
				DCC558C32497F87F007E75E0 /* Nasa.swift in Sources */,
				DC0B58C6248EC1C9009A07EA /* AppDelegate.swift in Sources */,
				DC0B58C8248EC1C9009A07EA /* SceneDelegate.swift in Sources */,
			);
			runOnlyForDeploymentPostprocessing = 0;
		};
		DC0B58D7248EC1CA009A07EA /* Sources */ = {
			isa = PBXSourcesBuildPhase;
			buildActionMask = 2147483647;
			files = (
				DC0B58E0248EC1CA009A07EA /* NasaTests.swift in Sources */,
			);
			runOnlyForDeploymentPostprocessing = 0;
		};
		DC0B58E2248EC1CA009A07EA /* Sources */ = {
			isa = PBXSourcesBuildPhase;
			buildActionMask = 2147483647;
			files = (
				DC0B58EB248EC1CA009A07EA /* NasaUITests.swift in Sources */,
			);
			runOnlyForDeploymentPostprocessing = 0;
		};
/* End PBXSourcesBuildPhase section */

/* Begin PBXTargetDependency section */
		DC0B58DD248EC1CA009A07EA /* PBXTargetDependency */ = {
			isa = PBXTargetDependency;
			target = DC0B58C1248EC1C9009A07EA /* Nasa */;
			targetProxy = DC0B58DC248EC1CA009A07EA /* PBXContainerItemProxy */;
		};
		DC0B58E8248EC1CA009A07EA /* PBXTargetDependency */ = {
			isa = PBXTargetDependency;
			target = DC0B58C1248EC1C9009A07EA /* Nasa */;
			targetProxy = DC0B58E7248EC1CA009A07EA /* PBXContainerItemProxy */;
		};
/* End PBXTargetDependency section */

/* Begin PBXVariantGroup section */
		DC0B58D3248EC1CA009A07EA /* LaunchScreen.storyboard */ = {
			isa = PBXVariantGroup;
			children = (
				DC0B58D4248EC1CA009A07EA /* Base */,
			);
			name = LaunchScreen.storyboard;
			sourceTree = "<group>";
		};
/* End PBXVariantGroup section */

/* Begin XCBuildConfiguration section */
		DC0B58ED248EC1CA009A07EA /* Debug */ = {
			isa = XCBuildConfiguration;
			buildSettings = {
				ALWAYS_SEARCH_USER_PATHS = NO;
				CLANG_ANALYZER_NONNULL = YES;
				CLANG_ANALYZER_NUMBER_OBJECT_CONVERSION = YES_AGGRESSIVE;
				CLANG_CXX_LANGUAGE_STANDARD = "gnu++14";
				CLANG_CXX_LIBRARY = "libc++";
				CLANG_ENABLE_MODULES = YES;
				CLANG_ENABLE_OBJC_ARC = YES;
				CLANG_ENABLE_OBJC_WEAK = YES;
				CLANG_WARN_BLOCK_CAPTURE_AUTORELEASING = YES;
				CLANG_WARN_BOOL_CONVERSION = YES;
				CLANG_WARN_COMMA = YES;
				CLANG_WARN_CONSTANT_CONVERSION = YES;
				CLANG_WARN_DEPRECATED_OBJC_IMPLEMENTATIONS = YES;
				CLANG_WARN_DIRECT_OBJC_ISA_USAGE = YES_ERROR;
				CLANG_WARN_DOCUMENTATION_COMMENTS = YES;
				CLANG_WARN_EMPTY_BODY = YES;
				CLANG_WARN_ENUM_CONVERSION = YES;
				CLANG_WARN_INFINITE_RECURSION = YES;
				CLANG_WARN_INT_CONVERSION = YES;
				CLANG_WARN_NON_LITERAL_NULL_CONVERSION = YES;
				CLANG_WARN_OBJC_IMPLICIT_RETAIN_SELF = YES;
				CLANG_WARN_OBJC_LITERAL_CONVERSION = YES;
				CLANG_WARN_OBJC_ROOT_CLASS = YES_ERROR;
				CLANG_WARN_RANGE_LOOP_ANALYSIS = YES;
				CLANG_WARN_STRICT_PROTOTYPES = YES;
				CLANG_WARN_SUSPICIOUS_MOVE = YES;
				CLANG_WARN_UNGUARDED_AVAILABILITY = YES_AGGRESSIVE;
				CLANG_WARN_UNREACHABLE_CODE = YES;
				CLANG_WARN__DUPLICATE_METHOD_MATCH = YES;
				COPY_PHASE_STRIP = NO;
				DEBUG_INFORMATION_FORMAT = dwarf;
				ENABLE_STRICT_OBJC_MSGSEND = YES;
				ENABLE_TESTABILITY = YES;
				GCC_C_LANGUAGE_STANDARD = gnu11;
				GCC_DYNAMIC_NO_PIC = NO;
				GCC_NO_COMMON_BLOCKS = YES;
				GCC_OPTIMIZATION_LEVEL = 0;
				GCC_PREPROCESSOR_DEFINITIONS = (
					"DEBUG=1",
					"$(inherited)",
				);
				GCC_WARN_64_TO_32_BIT_CONVERSION = YES;
				GCC_WARN_ABOUT_RETURN_TYPE = YES_ERROR;
				GCC_WARN_UNDECLARED_SELECTOR = YES;
				GCC_WARN_UNINITIALIZED_AUTOS = YES_AGGRESSIVE;
				GCC_WARN_UNUSED_FUNCTION = YES;
				GCC_WARN_UNUSED_VARIABLE = YES;
				IPHONEOS_DEPLOYMENT_TARGET = 13.5;
				MTL_ENABLE_DEBUG_INFO = INCLUDE_SOURCE;
				MTL_FAST_MATH = YES;
				ONLY_ACTIVE_ARCH = YES;
				SDKROOT = iphoneos;
				SWIFT_ACTIVE_COMPILATION_CONDITIONS = DEBUG;
				SWIFT_OPTIMIZATION_LEVEL = "-Onone";
			};
			name = Debug;
		};
		DC0B58EE248EC1CA009A07EA /* Release */ = {
			isa = XCBuildConfiguration;
			buildSettings = {
				ALWAYS_SEARCH_USER_PATHS = NO;
				CLANG_ANALYZER_NONNULL = YES;
				CLANG_ANALYZER_NUMBER_OBJECT_CONVERSION = YES_AGGRESSIVE;
				CLANG_CXX_LANGUAGE_STANDARD = "gnu++14";
				CLANG_CXX_LIBRARY = "libc++";
				CLANG_ENABLE_MODULES = YES;
				CLANG_ENABLE_OBJC_ARC = YES;
				CLANG_ENABLE_OBJC_WEAK = YES;
				CLANG_WARN_BLOCK_CAPTURE_AUTORELEASING = YES;
				CLANG_WARN_BOOL_CONVERSION = YES;
				CLANG_WARN_COMMA = YES;
				CLANG_WARN_CONSTANT_CONVERSION = YES;
				CLANG_WARN_DEPRECATED_OBJC_IMPLEMENTATIONS = YES;
				CLANG_WARN_DIRECT_OBJC_ISA_USAGE = YES_ERROR;
				CLANG_WARN_DOCUMENTATION_COMMENTS = YES;
				CLANG_WARN_EMPTY_BODY = YES;
				CLANG_WARN_ENUM_CONVERSION = YES;
				CLANG_WARN_INFINITE_RECURSION = YES;
				CLANG_WARN_INT_CONVERSION = YES;
				CLANG_WARN_NON_LITERAL_NULL_CONVERSION = YES;
				CLANG_WARN_OBJC_IMPLICIT_RETAIN_SELF = YES;
				CLANG_WARN_OBJC_LITERAL_CONVERSION = YES;
				CLANG_WARN_OBJC_ROOT_CLASS = YES_ERROR;
				CLANG_WARN_RANGE_LOOP_ANALYSIS = YES;
				CLANG_WARN_STRICT_PROTOTYPES = YES;
				CLANG_WARN_SUSPICIOUS_MOVE = YES;
				CLANG_WARN_UNGUARDED_AVAILABILITY = YES_AGGRESSIVE;
				CLANG_WARN_UNREACHABLE_CODE = YES;
				CLANG_WARN__DUPLICATE_METHOD_MATCH = YES;
				COPY_PHASE_STRIP = NO;
				DEBUG_INFORMATION_FORMAT = "dwarf-with-dsym";
				ENABLE_NS_ASSERTIONS = NO;
				ENABLE_STRICT_OBJC_MSGSEND = YES;
				GCC_C_LANGUAGE_STANDARD = gnu11;
				GCC_NO_COMMON_BLOCKS = YES;
				GCC_WARN_64_TO_32_BIT_CONVERSION = YES;
				GCC_WARN_ABOUT_RETURN_TYPE = YES_ERROR;
				GCC_WARN_UNDECLARED_SELECTOR = YES;
				GCC_WARN_UNINITIALIZED_AUTOS = YES_AGGRESSIVE;
				GCC_WARN_UNUSED_FUNCTION = YES;
				GCC_WARN_UNUSED_VARIABLE = YES;
				IPHONEOS_DEPLOYMENT_TARGET = 13.5;
				MTL_ENABLE_DEBUG_INFO = NO;
				MTL_FAST_MATH = YES;
				SDKROOT = iphoneos;
				SWIFT_COMPILATION_MODE = wholemodule;
				SWIFT_OPTIMIZATION_LEVEL = "-O";
				VALIDATE_PRODUCT = YES;
			};
			name = Release;
		};
		DC0B58F0248EC1CA009A07EA /* Debug */ = {
			isa = XCBuildConfiguration;
			baseConfigurationReference = 239422F1226F0511053CCD03 /* Pods-Nasa.debug.xcconfig */;
			buildSettings = {
				ASSETCATALOG_COMPILER_APPICON_NAME = AppIcon;
				CODE_SIGN_STYLE = Automatic;
				INFOPLIST_FILE = Nasa/Info.plist;
				LD_RUNPATH_SEARCH_PATHS = (
					"$(inherited)",
					"@executable_path/Frameworks",
				);
				PRODUCT_BUNDLE_IDENTIFIER = com.api.Nasa;
				PRODUCT_NAME = "$(TARGET_NAME)";
				SWIFT_VERSION = 5.0;
				TARGETED_DEVICE_FAMILY = "1,2";
			};
			name = Debug;
		};
		DC0B58F1248EC1CA009A07EA /* Release */ = {
			isa = XCBuildConfiguration;
			baseConfigurationReference = DFF41C347849E7A2F2C69231 /* Pods-Nasa.release.xcconfig */;
			buildSettings = {
				ASSETCATALOG_COMPILER_APPICON_NAME = AppIcon;
				CODE_SIGN_STYLE = Automatic;
				INFOPLIST_FILE = Nasa/Info.plist;
				LD_RUNPATH_SEARCH_PATHS = (
					"$(inherited)",
					"@executable_path/Frameworks",
				);
				PRODUCT_BUNDLE_IDENTIFIER = com.api.Nasa;
				PRODUCT_NAME = "$(TARGET_NAME)";
				SWIFT_VERSION = 5.0;
				TARGETED_DEVICE_FAMILY = "1,2";
			};
			name = Release;
		};
		DC0B58F3248EC1CA009A07EA /* Debug */ = {
			isa = XCBuildConfiguration;
			baseConfigurationReference = E249B631D563C81328A8CA12 /* Pods-NasaTests.debug.xcconfig */;
			buildSettings = {
				ALWAYS_EMBED_SWIFT_STANDARD_LIBRARIES = YES;
				BUNDLE_LOADER = "$(TEST_HOST)";
				CODE_SIGN_STYLE = Automatic;
				INFOPLIST_FILE = NasaTests/Info.plist;
				IPHONEOS_DEPLOYMENT_TARGET = 13.5;
				LD_RUNPATH_SEARCH_PATHS = (
					"$(inherited)",
					"@executable_path/Frameworks",
					"@loader_path/Frameworks",
				);
				PRODUCT_BUNDLE_IDENTIFIER = com.api.NasaTests;
				PRODUCT_NAME = "$(TARGET_NAME)";
				SWIFT_VERSION = 5.0;
				TARGETED_DEVICE_FAMILY = "1,2";
				TEST_HOST = "$(BUILT_PRODUCTS_DIR)/Nasa.app/Nasa";
			};
			name = Debug;
		};
		DC0B58F4248EC1CA009A07EA /* Release */ = {
			isa = XCBuildConfiguration;
			baseConfigurationReference = 9962D20505D4447850AF42C5 /* Pods-NasaTests.release.xcconfig */;
			buildSettings = {
				ALWAYS_EMBED_SWIFT_STANDARD_LIBRARIES = YES;
				BUNDLE_LOADER = "$(TEST_HOST)";
				CODE_SIGN_STYLE = Automatic;
				INFOPLIST_FILE = NasaTests/Info.plist;
				IPHONEOS_DEPLOYMENT_TARGET = 13.5;
				LD_RUNPATH_SEARCH_PATHS = (
					"$(inherited)",
					"@executable_path/Frameworks",
					"@loader_path/Frameworks",
				);
				PRODUCT_BUNDLE_IDENTIFIER = com.api.NasaTests;
				PRODUCT_NAME = "$(TARGET_NAME)";
				SWIFT_VERSION = 5.0;
				TARGETED_DEVICE_FAMILY = "1,2";
				TEST_HOST = "$(BUILT_PRODUCTS_DIR)/Nasa.app/Nasa";
			};
			name = Release;
		};
		DC0B58F6248EC1CA009A07EA /* Debug */ = {
			isa = XCBuildConfiguration;
			baseConfigurationReference = A79DA38AD6C1BF03348CA3C3 /* Pods-Nasa-NasaUITests.debug.xcconfig */;
			buildSettings = {
				ALWAYS_EMBED_SWIFT_STANDARD_LIBRARIES = YES;
				CODE_SIGN_STYLE = Automatic;
				INFOPLIST_FILE = NasaUITests/Info.plist;
				LD_RUNPATH_SEARCH_PATHS = (
					"$(inherited)",
					"@executable_path/Frameworks",
					"@loader_path/Frameworks",
				);
				PRODUCT_BUNDLE_IDENTIFIER = com.api.NasaUITests;
				PRODUCT_NAME = "$(TARGET_NAME)";
				SWIFT_VERSION = 5.0;
				TARGETED_DEVICE_FAMILY = "1,2";
				TEST_TARGET_NAME = Nasa;
			};
			name = Debug;
		};
		DC0B58F7248EC1CA009A07EA /* Release */ = {
			isa = XCBuildConfiguration;
			baseConfigurationReference = D4E128DD844504BB2F668D9D /* Pods-Nasa-NasaUITests.release.xcconfig */;
			buildSettings = {
				ALWAYS_EMBED_SWIFT_STANDARD_LIBRARIES = YES;
				CODE_SIGN_STYLE = Automatic;
				INFOPLIST_FILE = NasaUITests/Info.plist;
				LD_RUNPATH_SEARCH_PATHS = (
					"$(inherited)",
					"@executable_path/Frameworks",
					"@loader_path/Frameworks",
				);
				PRODUCT_BUNDLE_IDENTIFIER = com.api.NasaUITests;
				PRODUCT_NAME = "$(TARGET_NAME)";
				SWIFT_VERSION = 5.0;
				TARGETED_DEVICE_FAMILY = "1,2";
				TEST_TARGET_NAME = Nasa;
			};
			name = Release;
		};
/* End XCBuildConfiguration section */

/* Begin XCConfigurationList section */
		DC0B58BD248EC1C9009A07EA /* Build configuration list for PBXProject "Nasa" */ = {
			isa = XCConfigurationList;
			buildConfigurations = (
				DC0B58ED248EC1CA009A07EA /* Debug */,
				DC0B58EE248EC1CA009A07EA /* Release */,
			);
			defaultConfigurationIsVisible = 0;
			defaultConfigurationName = Release;
		};
		DC0B58EF248EC1CA009A07EA /* Build configuration list for PBXNativeTarget "Nasa" */ = {
			isa = XCConfigurationList;
			buildConfigurations = (
				DC0B58F0248EC1CA009A07EA /* Debug */,
				DC0B58F1248EC1CA009A07EA /* Release */,
			);
			defaultConfigurationIsVisible = 0;
			defaultConfigurationName = Release;
		};
		DC0B58F2248EC1CA009A07EA /* Build configuration list for PBXNativeTarget "NasaTests" */ = {
			isa = XCConfigurationList;
			buildConfigurations = (
				DC0B58F3248EC1CA009A07EA /* Debug */,
				DC0B58F4248EC1CA009A07EA /* Release */,
			);
			defaultConfigurationIsVisible = 0;
			defaultConfigurationName = Release;
		};
		DC0B58F5248EC1CA009A07EA /* Build configuration list for PBXNativeTarget "NasaUITests" */ = {
			isa = XCConfigurationList;
			buildConfigurations = (
				DC0B58F6248EC1CA009A07EA /* Debug */,
				DC0B58F7248EC1CA009A07EA /* Release */,
			);
			defaultConfigurationIsVisible = 0;
			defaultConfigurationName = Release;
		};
/* End XCConfigurationList section */

/* Begin XCVersionGroup section */
		DC0B58CE248EC1C9009A07EA /* Nasa.xcdatamodeld */ = {
			isa = XCVersionGroup;
			children = (
				DC0B58CF248EC1C9009A07EA /* Nasa.xcdatamodel */,
			);
			currentVersion = DC0B58CF248EC1C9009A07EA /* Nasa.xcdatamodel */;
			path = Nasa.xcdatamodeld;
			sourceTree = "<group>";
			versionGroupType = wrapper.xcdatamodel;
		};
/* End XCVersionGroup section */
	};
	rootObject = DC0B58BA248EC1C9009A07EA /* Project object */;
}
